
Microsoft Visual Studio Solution File, Format Version 12.00
# Visual Studio 15
VisualStudioVersion = 15.0.28307.1062
MinimumVisualStudioVersion = 10.0.40219.1
Project("{FAE04EC0-301F-11D3-BF4B-00C04F79EFBC}") = "LibraryManagmentSystem", "LibraryManagmentSystem\LibraryManagmentSystem.csproj", "{3470B943-916B-4627-8E2C-2A8CD48B04F6}"
EndProject
Project("{FAE04EC0-301F-11D3-BF4B-00C04F79EFBC}") = "LibraryManagmentSystem.bll", "LibraryManagmentSystem.bll\LibraryManagmentSystem.bll.csproj", "{17521D4D-439E-4F84-807E-F2C316964354}"
EndProject
Project("{FAE04EC0-301F-11D3-BF4B-00C04F79EFBC}") = "LibraryManagmentSystem.dml", "LibraryManagmentSystem.dml\LibraryManagmentSystem.dml.csproj", "{C60192C5-AB5D-4255-9F56-CAD17E40A25B}"
EndProject
Project("{FAE04EC0-301F-11D3-BF4B-00C04F79EFBC}") = "LibraryManagmentSystem.exception", "LibraryManagmentSystem.Exception\LibraryManagmentSystem.exception.csproj", "{22806321-16AB-43DB-9A67-51A1D9DA2099}"
EndProject
Global
	GlobalSection(SolutionConfigurationPlatforms) = preSolution
		Debug|Any CPU = Debug|Any CPU
		Release|Any CPU = Release|Any CPU
	EndGlobalSection
	GlobalSection(ProjectConfigurationPlatforms) = postSolution
		{3470B943-916B-4627-8E2C-2A8CD48B04F6}.Debug|Any CPU.ActiveCfg = Debug|Any CPU
		{3470B943-916B-4627-8E2C-2A8CD48B04F6}.Debug|Any CPU.Build.0 = Debug|Any CPU
		{3470B943-916B-4627-8E2C-2A8CD48B04F6}.Release|Any CPU.ActiveCfg = Release|Any CPU
		{3470B943-916B-4627-8E2C-2A8CD48B04F6}.Release|Any CPU.Build.0 = Release|Any CPU
		{17521D4D-439E-4F84-807E-F2C316964354}.Debug|Any CPU.ActiveCfg = Debug|Any CPU
		{17521D4D-439E-4F84-807E-F2C316964354}.Debug|Any CPU.Build.0 = Debug|Any CPU
		{17521D4D-439E-4F84-807E-F2C316964354}.Release|Any CPU.ActiveCfg = Release|Any CPU
		{17521D4D-439E-4F84-807E-F2C316964354}.Release|Any CPU.Build.0 = Release|Any CPU
		{C60192C5-AB5D-4255-9F56-CAD17E40A25B}.Debug|Any CPU.ActiveCfg = Debug|Any CPU
		{C60192C5-AB5D-4255-9F56-CAD17E40A25B}.Debug|Any CPU.Build.0 = Debug|Any CPU
		{C60192C5-AB5D-4255-9F56-CAD17E40A25B}.Release|Any CPU.ActiveCfg = Release|Any CPU
		{C60192C5-AB5D-4255-9F56-CAD17E40A25B}.Release|Any CPU.Build.0 = Release|Any CPU
		{22806321-16AB-43DB-9A67-51A1D9DA2099}.Debug|Any CPU.ActiveCfg = Debug|Any CPU
		{22806321-16AB-43DB-9A67-51A1D9DA2099}.Debug|Any CPU.Build.0 = Debug|Any CPU
		{22806321-16AB-43DB-9A67-51A1D9DA2099}.Release|Any CPU.ActiveCfg = Release|Any CPU
		{22806321-16AB-43DB-9A67-51A1D9DA2099}.Release|Any CPU.Build.0 = Release|Any CPU
	EndGlobalSection
	GlobalSection(SolutionProperties) = preSolution
		HideSolutionNode = FALSE
	EndGlobalSection
	GlobalSection(ExtensibilityGlobals) = postSolution
		SolutionGuid = {DA6094F9-9096-4E65-A554-848605A581EF}
	EndGlobalSection
EndGlobal
